
Microsoft Visual Studio Solution File, Format Version 11.00
# Visual Studio 2010
Project("{FAE04EC0-301F-11D3-BF4B-00C04F79EFBC}") = "Kernys.Bson", "Kernys.Bson\Kernys.Bson.csproj", "{B44C8109-A8DD-4085-BE46-CE5C7436788E}"
EndProject
Project("{FAE04EC0-301F-11D3-BF4B-00C04F79EFBC}") = "Kernys.Bson.Tests", "Kernys.Bson.Tests\Kernys.Bson.Tests.csproj", "{C09CC01C-5100-4E15-8496-71604D1AE212}"
EndProject
Global
	GlobalSection(SolutionConfigurationPlatforms) = preSolution
		Debug|x86 = Debug|x86
		Release|x86 = Release|x86
	EndGlobalSection
	GlobalSection(ProjectConfigurationPlatforms) = postSolution
		{B44C8109-A8DD-4085-BE46-CE5C7436788E}.Debug|x86.ActiveCfg = Debug|x86
		{B44C8109-A8DD-4085-BE46-CE5C7436788E}.Debug|x86.Build.0 = Debug|x86
		{B44C8109-A8DD-4085-BE46-CE5C7436788E}.Release|x86.ActiveCfg = Release|x86
		{B44C8109-A8DD-4085-BE46-CE5C7436788E}.Release|x86.Build.0 = Release|x86
		{C09CC01C-5100-4E15-8496-71604D1AE212}.Debug|x86.ActiveCfg = Debug|Any CPU
		{C09CC01C-5100-4E15-8496-71604D1AE212}.Debug|x86.Build.0 = Debug|Any CPU
		{C09CC01C-5100-4E15-8496-71604D1AE212}.Release|x86.ActiveCfg = Release|Any CPU
		{C09CC01C-5100-4E15-8496-71604D1AE212}.Release|x86.Build.0 = Release|Any CPU
	EndGlobalSection
	GlobalSection(MonoDevelopProperties) = preSolution
		StartupItem = Kernys.Bson.Tests\Kernys.Bson.Tests.csproj
	EndGlobalSection
EndGlobal
